// !$*UTF8*$!
{
	archiveVersion = 1;
	classes = {
	};
	objectVersion = 46;
	objects = {

/* Begin PBXBuildFile section */
		1BD8216B9E1D5F1391B71946 /* libPods-MultipleInfowindows-Swift.a in Frameworks */ = {isa = PBXBuildFile; fileRef = B5DC7B250F8600386AAA341A /* libPods-MultipleInfowindows-Swift.a */; };
		7012AA2C820F560C17809064 /* libPods-MultipleInfowindows.a in Frameworks */ = {isa = PBXBuildFile; fileRef = 1F2C5A86A94183EEA7DE3A14 /* libPods-MultipleInfowindows.a */; };
		81054ED11DDEA5D900DEF6BB /* main.m in Sources */ = {isa = PBXBuildFile; fileRef = 81054ED01DDEA5D900DEF6BB /* main.m */; };
		81054ED41DDEA5D900DEF6BB /* AppDelegate.m in Sources */ = {isa = PBXBuildFile; fileRef = 81054ED31DDEA5D900DEF6BB /* AppDelegate.m */; };
		81054ED71DDEA5D900DEF6BB /* ViewController.m in Sources */ = {isa = PBXBuildFile; fileRef = 81054ED61DDEA5D900DEF6BB /* ViewController.m */; };
		81054EDA1DDEA5D900DEF6BB /* Main.storyboard in Resources */ = {isa = PBXBuildFile; fileRef = 81054ED81DDEA5D900DEF6BB /* Main.storyboard */; };
		81054EDC1DDEA5D900DEF6BB /* Assets.xcassets in Resources */ = {isa = PBXBuildFile; fileRef = 81054EDB1DDEA5D900DEF6BB /* Assets.xcassets */; };
		81054EDF1DDEA5D900DEF6BB /* LaunchScreen.storyboard in Resources */ = {isa = PBXBuildFile; fileRef = 81054EDD1DDEA5D900DEF6BB /* LaunchScreen.storyboard */; };
		81054EE81DDEA98400DEF6BB /* MAInfowindowView.m in Sources */ = {isa = PBXBuildFile; fileRef = 81054EE71DDEA98400DEF6BB /* MAInfowindowView.m */; };
		81054EEB1DDEADD400DEF6BB /* POIAnnotation.m in Sources */ = {isa = PBXBuildFile; fileRef = 81054EEA1DDEADD400DEF6BB /* POIAnnotation.m */; };
		D98F9F521E2CB8610040F730 /* AppDelegate.swift in Sources */ = {isa = PBXBuildFile; fileRef = D98F9F511E2CB8610040F730 /* AppDelegate.swift */; };
		D98F9F541E2CB8610040F730 /* ViewController.swift in Sources */ = {isa = PBXBuildFile; fileRef = D98F9F531E2CB8610040F730 /* ViewController.swift */; };
		D98F9F571E2CB8610040F730 /* Main.storyboard in Resources */ = {isa = PBXBuildFile; fileRef = D98F9F551E2CB8610040F730 /* Main.storyboard */; };
		D98F9F591E2CB8610040F730 /* Assets.xcassets in Resources */ = {isa = PBXBuildFile; fileRef = D98F9F581E2CB8610040F730 /* Assets.xcassets */; };
		D98F9F5C1E2CB8610040F730 /* LaunchScreen.storyboard in Resources */ = {isa = PBXBuildFile; fileRef = D98F9F5A1E2CB8610040F730 /* LaunchScreen.storyboard */; };
		D98F9F631E2CC0E40040F730 /* POIAnnotation.swift in Sources */ = {isa = PBXBuildFile; fileRef = D98F9F621E2CC0E40040F730 /* POIAnnotation.swift */; };
		D98F9F651E2CCB2A0040F730 /* MAInfowindowView.swift in Sources */ = {isa = PBXBuildFile; fileRef = D98F9F641E2CCB2A0040F730 /* MAInfowindowView.swift */; };
		D9F65BC71E2DF3DF002BBD5C /* MultipleInfowindowsUITests.m in Sources */ = {isa = PBXBuildFile; fileRef = D9F65BC61E2DF3DF002BBD5C /* MultipleInfowindowsUITests.m */; };
		D9F65BD01E2DF8DE002BBD5C /* MAMapUITestHelper.m in Sources */ = {isa = PBXBuildFile; fileRef = D9F65BCF1E2DF8DE002BBD5C /* MAMapUITestHelper.m */; };
/* End PBXBuildFile section */

/* Begin PBXContainerItemProxy section */
		D9F65BC91E2DF3DF002BBD5C /* PBXContainerItemProxy */ = {
			isa = PBXContainerItemProxy;
			containerPortal = 81054EC41DDEA5D900DEF6BB /* Project object */;
			proxyType = 1;
			remoteGlobalIDString = 81054ECB1DDEA5D900DEF6BB;
			remoteInfo = MultipleInfowindows;
		};
/* End PBXContainerItemProxy section */

/* Begin PBXFileReference section */
		1F2C5A86A94183EEA7DE3A14 /* libPods-MultipleInfowindows.a */ = {isa = PBXFileReference; explicitFileType = archive.ar; includeInIndex = 0; path = "libPods-MultipleInfowindows.a"; sourceTree = BUILT_PRODUCTS_DIR; };
		21E8172B8BC6AD242E2143D2 /* Pods-MultipleInfowindows.debug.xcconfig */ = {isa = PBXFileReference; includeInIndex = 1; lastKnownFileType = text.xcconfig; name = "Pods-MultipleInfowindows.debug.xcconfig"; path = "Pods/Target Support Files/Pods-MultipleInfowindows/Pods-MultipleInfowindows.debug.xcconfig"; sourceTree = "<group>"; };
		63FCE21E474824177FE9563A /* Pods-MultipleInfowindows.release.xcconfig */ = {isa = PBXFileReference; includeInIndex = 1; lastKnownFileType = text.xcconfig; name = "Pods-MultipleInfowindows.release.xcconfig"; path = "Pods/Target Support Files/Pods-MultipleInfowindows/Pods-MultipleInfowindows.release.xcconfig"; sourceTree = "<group>"; };
		81054ECC1DDEA5D900DEF6BB /* MultipleInfowindows.app */ = {isa = PBXFileReference; explicitFileType = wrapper.application; includeInIndex = 0; path = MultipleInfowindows.app; sourceTree = BUILT_PRODUCTS_DIR; };
		81054ED01DDEA5D900DEF6BB /* main.m */ = {isa = PBXFileReference; lastKnownFileType = sourcecode.c.objc; path = main.m; sourceTree = "<group>"; };
		81054ED21DDEA5D900DEF6BB /* AppDelegate.h */ = {isa = PBXFileReference; lastKnownFileType = sourcecode.c.h; path = AppDelegate.h; sourceTree = "<group>"; };
		81054ED31DDEA5D900DEF6BB /* AppDelegate.m */ = {isa = PBXFileReference; lastKnownFileType = sourcecode.c.objc; path = AppDelegate.m; sourceTree = "<group>"; };
		81054ED51DDEA5D900DEF6BB /* ViewController.h */ = {isa = PBXFileReference; lastKnownFileType = sourcecode.c.h; path = ViewController.h; sourceTree = "<group>"; };
		81054ED61DDEA5D900DEF6BB /* ViewController.m */ = {isa = PBXFileReference; lastKnownFileType = sourcecode.c.objc; path = ViewController.m; sourceTree = "<group>"; };
		81054ED91DDEA5D900DEF6BB /* Base */ = {isa = PBXFileReference; lastKnownFileType = file.storyboard; name = Base; path = Base.lproj/Main.storyboard; sourceTree = "<group>"; };
		81054EDB1DDEA5D900DEF6BB /* Assets.xcassets */ = {isa = PBXFileReference; lastKnownFileType = folder.assetcatalog; path = Assets.xcassets; sourceTree = "<group>"; };
		81054EDE1DDEA5D900DEF6BB /* Base */ = {isa = PBXFileReference; lastKnownFileType = file.storyboard; name = Base; path = Base.lproj/LaunchScreen.storyboard; sourceTree = "<group>"; };
		81054EE01DDEA5D900DEF6BB /* Info.plist */ = {isa = PBXFileReference; lastKnownFileType = text.plist.xml; path = Info.plist; sourceTree = "<group>"; };
		81054EE61DDEA98400DEF6BB /* MAInfowindowView.h */ = {isa = PBXFileReference; fileEncoding = 4; lastKnownFileType = sourcecode.c.h; path = MAInfowindowView.h; sourceTree = "<group>"; };
		81054EE71DDEA98400DEF6BB /* MAInfowindowView.m */ = {isa = PBXFileReference; fileEncoding = 4; lastKnownFileType = sourcecode.c.objc; path = MAInfowindowView.m; sourceTree = "<group>"; };
		81054EE91DDEADD400DEF6BB /* POIAnnotation.h */ = {isa = PBXFileReference; fileEncoding = 4; lastKnownFileType = sourcecode.c.h; path = POIAnnotation.h; sourceTree = "<group>"; };
		81054EEA1DDEADD400DEF6BB /* POIAnnotation.m */ = {isa = PBXFileReference; fileEncoding = 4; lastKnownFileType = sourcecode.c.objc; path = POIAnnotation.m; sourceTree = "<group>"; };
		96F88246E0E044BFB2F77399 /* Pods-MultipleInfowindows-Swift.release.xcconfig */ = {isa = PBXFileReference; includeInIndex = 1; lastKnownFileType = text.xcconfig; name = "Pods-MultipleInfowindows-Swift.release.xcconfig"; path = "Pods/Target Support Files/Pods-MultipleInfowindows-Swift/Pods-MultipleInfowindows-Swift.release.xcconfig"; sourceTree = "<group>"; };
		B5DC7B250F8600386AAA341A /* libPods-MultipleInfowindows-Swift.a */ = {isa = PBXFileReference; explicitFileType = archive.ar; includeInIndex = 0; path = "libPods-MultipleInfowindows-Swift.a"; sourceTree = BUILT_PRODUCTS_DIR; };
		D98F9F4F1E2CB8610040F730 /* MultipleInfowindows-Swift.app */ = {isa = PBXFileReference; explicitFileType = wrapper.application; includeInIndex = 0; path = "MultipleInfowindows-Swift.app"; sourceTree = BUILT_PRODUCTS_DIR; };
		D98F9F511E2CB8610040F730 /* AppDelegate.swift */ = {isa = PBXFileReference; lastKnownFileType = sourcecode.swift; path = AppDelegate.swift; sourceTree = "<group>"; };
		D98F9F531E2CB8610040F730 /* ViewController.swift */ = {isa = PBXFileReference; lastKnownFileType = sourcecode.swift; path = ViewController.swift; sourceTree = "<group>"; };
		D98F9F561E2CB8610040F730 /* Base */ = {isa = PBXFileReference; lastKnownFileType = file.storyboard; name = Base; path = Base.lproj/Main.storyboard; sourceTree = "<group>"; };
		D98F9F581E2CB8610040F730 /* Assets.xcassets */ = {isa = PBXFileReference; lastKnownFileType = folder.assetcatalog; path = Assets.xcassets; sourceTree = "<group>"; };
		D98F9F5B1E2CB8610040F730 /* Base */ = {isa = PBXFileReference; lastKnownFileType = file.storyboard; name = Base; path = Base.lproj/LaunchScreen.storyboard; sourceTree = "<group>"; };
		D98F9F5D1E2CB8610040F730 /* Info.plist */ = {isa = PBXFileReference; lastKnownFileType = text.plist.xml; path = Info.plist; sourceTree = "<group>"; };
		D98F9F611E2CB8CB0040F730 /* Swift-Bridging-Header.h */ = {isa = PBXFileReference; fileEncoding = 4; lastKnownFileType = sourcecode.c.h; path = "Swift-Bridging-Header.h"; sourceTree = "<group>"; };
		D98F9F621E2CC0E40040F730 /* POIAnnotation.swift */ = {isa = PBXFileReference; fileEncoding = 4; lastKnownFileType = sourcecode.swift; path = POIAnnotation.swift; sourceTree = "<group>"; };
		D98F9F641E2CCB2A0040F730 /* MAInfowindowView.swift */ = {isa = PBXFileReference; fileEncoding = 4; lastKnownFileType = sourcecode.swift; path = MAInfowindowView.swift; sourceTree = "<group>"; };
		D9F65BC41E2DF3DF002BBD5C /* MultipleInfowindowsUITests.xctest */ = {isa = PBXFileReference; explicitFileType = wrapper.cfbundle; includeInIndex = 0; path = MultipleInfowindowsUITests.xctest; sourceTree = BUILT_PRODUCTS_DIR; };
		D9F65BC61E2DF3DF002BBD5C /* MultipleInfowindowsUITests.m */ = {isa = PBXFileReference; lastKnownFileType = sourcecode.c.objc; path = MultipleInfowindowsUITests.m; sourceTree = "<group>"; };
		D9F65BC81E2DF3DF002BBD5C /* Info.plist */ = {isa = PBXFileReference; lastKnownFileType = text.plist.xml; path = Info.plist; sourceTree = "<group>"; };
		D9F65BCE1E2DF8DE002BBD5C /* MAMapUITestHelper.h */ = {isa = PBXFileReference; fileEncoding = 4; lastKnownFileType = sourcecode.c.h; path = MAMapUITestHelper.h; sourceTree = "<group>"; };
		D9F65BCF1E2DF8DE002BBD5C /* MAMapUITestHelper.m */ = {isa = PBXFileReference; fileEncoding = 4; lastKnownFileType = sourcecode.c.objc; path = MAMapUITestHelper.m; sourceTree = "<group>"; };
		E96E8B37192942A89F11DEEA /* Pods-MultipleInfowindows-Swift.debug.xcconfig */ = {isa = PBXFileReference; includeInIndex = 1; lastKnownFileType = text.xcconfig; name = "Pods-MultipleInfowindows-Swift.debug.xcconfig"; path = "Pods/Target Support Files/Pods-MultipleInfowindows-Swift/Pods-MultipleInfowindows-Swift.debug.xcconfig"; sourceTree = "<group>"; };
/* End PBXFileReference section */

/* Begin PBXFrameworksBuildPhase section */
		81054EC91DDEA5D900DEF6BB /* Frameworks */ = {
			isa = PBXFrameworksBuildPhase;
			buildActionMask = 2147483647;
			files = (
				7012AA2C820F560C17809064 /* libPods-MultipleInfowindows.a in Frameworks */,
			);
			runOnlyForDeploymentPostprocessing = 0;
		};
		D98F9F4C1E2CB8610040F730 /* Frameworks */ = {
			isa = PBXFrameworksBuildPhase;
			buildActionMask = 2147483647;
			files = (
				1BD8216B9E1D5F1391B71946 /* libPods-MultipleInfowindows-Swift.a in Frameworks */,
			);
			runOnlyForDeploymentPostprocessing = 0;
		};
		D9F65BC11E2DF3DF002BBD5C /* Frameworks */ = {
			isa = PBXFrameworksBuildPhase;
			buildActionMask = 2147483647;
			files = (
			);
			runOnlyForDeploymentPostprocessing = 0;
		};
/* End PBXFrameworksBuildPhase section */

/* Begin PBXGroup section */
		12BB1A31BC253F1CA4BBA303 /* Frameworks */ = {
			isa = PBXGroup;
			children = (
				1F2C5A86A94183EEA7DE3A14 /* libPods-MultipleInfowindows.a */,
				B5DC7B250F8600386AAA341A /* libPods-MultipleInfowindows-Swift.a */,
			);
			name = Frameworks;
			sourceTree = "<group>";
		};
		67704FA8CB29B496D9EA1AC9 /* Pods */ = {
			isa = PBXGroup;
			children = (
				21E8172B8BC6AD242E2143D2 /* Pods-MultipleInfowindows.debug.xcconfig */,
				63FCE21E474824177FE9563A /* Pods-MultipleInfowindows.release.xcconfig */,
				E96E8B37192942A89F11DEEA /* Pods-MultipleInfowindows-Swift.debug.xcconfig */,
				96F88246E0E044BFB2F77399 /* Pods-MultipleInfowindows-Swift.release.xcconfig */,
			);
			name = Pods;
			sourceTree = "<group>";
		};
		81054EC31DDEA5D900DEF6BB = {
			isa = PBXGroup;
			children = (
				81054ECE1DDEA5D900DEF6BB /* MultipleInfowindows */,
				D98F9F501E2CB8610040F730 /* MultipleInfowindows-Swift */,
				D9F65BC51E2DF3DF002BBD5C /* MultipleInfowindowsUITests */,
				81054ECD1DDEA5D900DEF6BB /* Products */,
				67704FA8CB29B496D9EA1AC9 /* Pods */,
				12BB1A31BC253F1CA4BBA303 /* Frameworks */,
			);
			sourceTree = "<group>";
		};
		81054ECD1DDEA5D900DEF6BB /* Products */ = {
			isa = PBXGroup;
			children = (
				81054ECC1DDEA5D900DEF6BB /* MultipleInfowindows.app */,
				D98F9F4F1E2CB8610040F730 /* MultipleInfowindows-Swift.app */,
				D9F65BC41E2DF3DF002BBD5C /* MultipleInfowindowsUITests.xctest */,
			);
			name = Products;
			sourceTree = "<group>";
		};
		81054ECE1DDEA5D900DEF6BB /* MultipleInfowindows */ = {
			isa = PBXGroup;
			children = (
				81054ED21DDEA5D900DEF6BB /* AppDelegate.h */,
				81054ED31DDEA5D900DEF6BB /* AppDelegate.m */,
				81054ED51DDEA5D900DEF6BB /* ViewController.h */,
				81054ED61DDEA5D900DEF6BB /* ViewController.m */,
				81054EE61DDEA98400DEF6BB /* MAInfowindowView.h */,
				81054EE71DDEA98400DEF6BB /* MAInfowindowView.m */,
				81054EE91DDEADD400DEF6BB /* POIAnnotation.h */,
				81054EEA1DDEADD400DEF6BB /* POIAnnotation.m */,
				81054ED81DDEA5D900DEF6BB /* Main.storyboard */,
				81054EDB1DDEA5D900DEF6BB /* Assets.xcassets */,
				81054EDD1DDEA5D900DEF6BB /* LaunchScreen.storyboard */,
				81054EE01DDEA5D900DEF6BB /* Info.plist */,
				81054ECF1DDEA5D900DEF6BB /* Supporting Files */,
			);
			path = MultipleInfowindows;
			sourceTree = "<group>";
		};
		81054ECF1DDEA5D900DEF6BB /* Supporting Files */ = {
			isa = PBXGroup;
			children = (
				81054ED01DDEA5D900DEF6BB /* main.m */,
			);
			name = "Supporting Files";
			sourceTree = "<group>";
		};
		D98F9F501E2CB8610040F730 /* MultipleInfowindows-Swift */ = {
			isa = PBXGroup;
			children = (
				D98F9F511E2CB8610040F730 /* AppDelegate.swift */,
				D98F9F611E2CB8CB0040F730 /* Swift-Bridging-Header.h */,
				D98F9F531E2CB8610040F730 /* ViewController.swift */,
				D98F9F641E2CCB2A0040F730 /* MAInfowindowView.swift */,
				D98F9F621E2CC0E40040F730 /* POIAnnotation.swift */,
				D98F9F551E2CB8610040F730 /* Main.storyboard */,
				D98F9F581E2CB8610040F730 /* Assets.xcassets */,
				D98F9F5A1E2CB8610040F730 /* LaunchScreen.storyboard */,
				D98F9F5D1E2CB8610040F730 /* Info.plist */,
			);
			path = "MultipleInfowindows-Swift";
			sourceTree = "<group>";
		};
		D9F65BC51E2DF3DF002BBD5C /* MultipleInfowindowsUITests */ = {
			isa = PBXGroup;
			children = (
				D9F65BC61E2DF3DF002BBD5C /* MultipleInfowindowsUITests.m */,
				D9F65BCE1E2DF8DE002BBD5C /* MAMapUITestHelper.h */,
				D9F65BCF1E2DF8DE002BBD5C /* MAMapUITestHelper.m */,
				D9F65BC81E2DF3DF002BBD5C /* Info.plist */,
			);
			path = MultipleInfowindowsUITests;
			sourceTree = "<group>";
		};
/* End PBXGroup section */

/* Begin PBXNativeTarget section */
		81054ECB1DDEA5D900DEF6BB /* MultipleInfowindows */ = {
			isa = PBXNativeTarget;
			buildConfigurationList = 81054EE31DDEA5D900DEF6BB /* Build configuration list for PBXNativeTarget "MultipleInfowindows" */;
			buildPhases = (
				782FA216BA975FAA8F4254BD /* [CP] Check Pods Manifest.lock */,
				81054EC81DDEA5D900DEF6BB /* Sources */,
				81054EC91DDEA5D900DEF6BB /* Frameworks */,
				81054ECA1DDEA5D900DEF6BB /* Resources */,
				438BF43C4314E3A4FFD2F90B /* [CP] Embed Pods Frameworks */,
				EB0509B62E3BD75801D32984 /* [CP] Copy Pods Resources */,
			);
			buildRules = (
			);
			dependencies = (
			);
			name = MultipleInfowindows;
			productName = MultipleInfowindows;
			productReference = 81054ECC1DDEA5D900DEF6BB /* MultipleInfowindows.app */;
			productType = "com.apple.product-type.application";
		};
		D98F9F4E1E2CB8610040F730 /* MultipleInfowindows-Swift */ = {
			isa = PBXNativeTarget;
			buildConfigurationList = D98F9F601E2CB8610040F730 /* Build configuration list for PBXNativeTarget "MultipleInfowindows-Swift" */;
			buildPhases = (
				00D26AE21459C5E8F885373F /* [CP] Check Pods Manifest.lock */,
				D98F9F4B1E2CB8610040F730 /* Sources */,
				D98F9F4C1E2CB8610040F730 /* Frameworks */,
				D98F9F4D1E2CB8610040F730 /* Resources */,
				29FFA179EBD0A1C9E3EFCA86 /* [CP] Embed Pods Frameworks */,
				917F26BF8A42BCED955A878B /* [CP] Copy Pods Resources */,
			);
			buildRules = (
			);
			dependencies = (
			);
			name = "MultipleInfowindows-Swift";
			productName = "MultipleInfowindows-Swift";
			productReference = D98F9F4F1E2CB8610040F730 /* MultipleInfowindows-Swift.app */;
			productType = "com.apple.product-type.application";
		};
		D9F65BC31E2DF3DF002BBD5C /* MultipleInfowindowsUITests */ = {
			isa = PBXNativeTarget;
			buildConfigurationList = D9F65BCD1E2DF3DF002BBD5C /* Build configuration list for PBXNativeTarget "MultipleInfowindowsUITests" */;
			buildPhases = (
				D9F65BC01E2DF3DF002BBD5C /* Sources */,
				D9F65BC11E2DF3DF002BBD5C /* Frameworks */,
				D9F65BC21E2DF3DF002BBD5C /* Resources */,
			);
			buildRules = (
			);
			dependencies = (
				D9F65BCA1E2DF3DF002BBD5C /* PBXTargetDependency */,
			);
			name = MultipleInfowindowsUITests;
			productName = MultipleInfowindowsUITests;
			productReference = D9F65BC41E2DF3DF002BBD5C /* MultipleInfowindowsUITests.xctest */;
			productType = "com.apple.product-type.bundle.ui-testing";
		};
/* End PBXNativeTarget section */

/* Begin PBXProject section */
		81054EC41DDEA5D900DEF6BB /* Project object */ = {
			isa = PBXProject;
			attributes = {
				LastSwiftUpdateCheck = 0820;
				LastUpgradeCheck = 0810;
				ORGANIZATIONNAME = AutoNavi;
				TargetAttributes = {
					81054ECB1DDEA5D900DEF6BB = {
						CreatedOnToolsVersion = 8.1;
						DevelopmentTeam = YMJ372W38W;
						ProvisioningStyle = Manual;
					};
					D98F9F4E1E2CB8610040F730 = {
						CreatedOnToolsVersion = 8.2;
						DevelopmentTeam = YMJ372W38W;
						ProvisioningStyle = Manual;
					};
					D9F65BC31E2DF3DF002BBD5C = {
						CreatedOnToolsVersion = 8.2;
						DevelopmentTeam = YMJ372W38W;
						ProvisioningStyle = Manual;
						TestTargetID = 81054ECB1DDEA5D900DEF6BB;
					};
				};
			};
			buildConfigurationList = 81054EC71DDEA5D900DEF6BB /* Build configuration list for PBXProject "MultipleInfowindows" */;
			compatibilityVersion = "Xcode 3.2";
			developmentRegion = English;
			hasScannedForEncodings = 0;
			knownRegions = (
				en,
				Base,
			);
			mainGroup = 81054EC31DDEA5D900DEF6BB;
			productRefGroup = 81054ECD1DDEA5D900DEF6BB /* Products */;
			projectDirPath = "";
			projectRoot = "";
			targets = (
				81054ECB1DDEA5D900DEF6BB /* MultipleInfowindows */,
				D98F9F4E1E2CB8610040F730 /* MultipleInfowindows-Swift */,
				D9F65BC31E2DF3DF002BBD5C /* MultipleInfowindowsUITests */,
			);
		};
/* End PBXProject section */

/* Begin PBXResourcesBuildPhase section */
		81054ECA1DDEA5D900DEF6BB /* Resources */ = {
			isa = PBXResourcesBuildPhase;
			buildActionMask = 2147483647;
			files = (
				81054EDF1DDEA5D900DEF6BB /* LaunchScreen.storyboard in Resources */,
				81054EDC1DDEA5D900DEF6BB /* Assets.xcassets in Resources */,
				81054EDA1DDEA5D900DEF6BB /* Main.storyboard in Resources */,
			);
			runOnlyForDeploymentPostprocessing = 0;
		};
		D98F9F4D1E2CB8610040F730 /* Resources */ = {
			isa = PBXResourcesBuildPhase;
			buildActionMask = 2147483647;
			files = (
				D98F9F5C1E2CB8610040F730 /* LaunchScreen.storyboard in Resources */,
				D98F9F591E2CB8610040F730 /* Assets.xcassets in Resources */,
				D98F9F571E2CB8610040F730 /* Main.storyboard in Resources */,
			);
			runOnlyForDeploymentPostprocessing = 0;
		};
		D9F65BC21E2DF3DF002BBD5C /* Resources */ = {
			isa = PBXResourcesBuildPhase;
			buildActionMask = 2147483647;
			files = (
			);
			runOnlyForDeploymentPostprocessing = 0;
		};
/* End PBXResourcesBuildPhase section */

/* Begin PBXShellScriptBuildPhase section */
		00D26AE21459C5E8F885373F /* [CP] Check Pods Manifest.lock */ = {
			isa = PBXShellScriptBuildPhase;
			buildActionMask = 2147483647;
			files = (
			);
			inputPaths = (
			);
			name = "[CP] Check Pods Manifest.lock";
			outputPaths = (
			);
			runOnlyForDeploymentPostprocessing = 0;
			shellPath = /bin/sh;
			shellScript = "diff \"${PODS_ROOT}/../Podfile.lock\" \"${PODS_ROOT}/Manifest.lock\" > /dev/null\nif [ $? != 0 ] ; then\n    # print error to STDERR\n    echo \"error: The sandbox is not in sync with the Podfile.lock. Run 'pod install' or update your CocoaPods installation.\" >&2\n    exit 1\nfi\n";
			showEnvVarsInLog = 0;
		};
		29FFA179EBD0A1C9E3EFCA86 /* [CP] Embed Pods Frameworks */ = {
			isa = PBXShellScriptBuildPhase;
			buildActionMask = 2147483647;
			files = (
			);
			inputPaths = (
			);
			name = "[CP] Embed Pods Frameworks";
			outputPaths = (
			);
			runOnlyForDeploymentPostprocessing = 0;
			shellPath = /bin/sh;
			shellScript = "\"${SRCROOT}/Pods/Target Support Files/Pods-MultipleInfowindows-Swift/Pods-MultipleInfowindows-Swift-frameworks.sh\"\n";
			showEnvVarsInLog = 0;
		};
		438BF43C4314E3A4FFD2F90B /* [CP] Embed Pods Frameworks */ = {
			isa = PBXShellScriptBuildPhase;
			buildActionMask = 2147483647;
			files = (
			);
			inputPaths = (
			);
			name = "[CP] Embed Pods Frameworks";
			outputPaths = (
			);
			runOnlyForDeploymentPostprocessing = 0;
			shellPath = /bin/sh;
			shellScript = "\"${SRCROOT}/Pods/Target Support Files/Pods-MultipleInfowindows/Pods-MultipleInfowindows-frameworks.sh\"\n";
			showEnvVarsInLog = 0;
		};
		782FA216BA975FAA8F4254BD /* [CP] Check Pods Manifest.lock */ = {
			isa = PBXShellScriptBuildPhase;
			buildActionMask = 2147483647;
			files = (
			);
			inputPaths = (
			);
			name = "[CP] Check Pods Manifest.lock";
			outputPaths = (
			);
			runOnlyForDeploymentPostprocessing = 0;
			shellPath = /bin/sh;
			shellScript = "diff \"${PODS_ROOT}/../Podfile.lock\" \"${PODS_ROOT}/Manifest.lock\" > /dev/null\nif [ $? != 0 ] ; then\n    # print error to STDERR\n    echo \"error: The sandbox is not in sync with the Podfile.lock. Run 'pod install' or update your CocoaPods installation.\" >&2\n    exit 1\nfi\n";
			showEnvVarsInLog = 0;
		};
		917F26BF8A42BCED955A878B /* [CP] Copy Pods Resources */ = {
			isa = PBXShellScriptBuildPhase;
			buildActionMask = 2147483647;
			files = (
			);
			inputPaths = (
			);
			name = "[CP] Copy Pods Resources";
			outputPaths = (
			);
			runOnlyForDeploymentPostprocessing = 0;
			shellPath = /bin/sh;
			shellScript = "\"${SRCROOT}/Pods/Target Support Files/Pods-MultipleInfowindows-Swift/Pods-MultipleInfowindows-Swift-resources.sh\"\n";
			showEnvVarsInLog = 0;
		};
		EB0509B62E3BD75801D32984 /* [CP] Copy Pods Resources */ = {
			isa = PBXShellScriptBuildPhase;
			buildActionMask = 2147483647;
			files = (
			);
			inputPaths = (
			);
			name = "[CP] Copy Pods Resources";
			outputPaths = (
			);
			runOnlyForDeploymentPostprocessing = 0;
			shellPath = /bin/sh;
			shellScript = "\"${SRCROOT}/Pods/Target Support Files/Pods-MultipleInfowindows/Pods-MultipleInfowindows-resources.sh\"\n";
			showEnvVarsInLog = 0;
		};
/* End PBXShellScriptBuildPhase section */

/* Begin PBXSourcesBuildPhase section */
		81054EC81DDEA5D900DEF6BB /* Sources */ = {
			isa = PBXSourcesBuildPhase;
			buildActionMask = 2147483647;
			files = (
				81054ED71DDEA5D900DEF6BB /* ViewController.m in Sources */,
				81054EEB1DDEADD400DEF6BB /* POIAnnotation.m in Sources */,
				81054ED41DDEA5D900DEF6BB /* AppDelegate.m in Sources */,
				81054EE81DDEA98400DEF6BB /* MAInfowindowView.m in Sources */,
				81054ED11DDEA5D900DEF6BB /* main.m in Sources */,
			);
			runOnlyForDeploymentPostprocessing = 0;
		};
		D98F9F4B1E2CB8610040F730 /* Sources */ = {
			isa = PBXSourcesBuildPhase;
			buildActionMask = 2147483647;
			files = (
				D98F9F541E2CB8610040F730 /* ViewController.swift in Sources */,
				D98F9F521E2CB8610040F730 /* AppDelegate.swift in Sources */,
				D98F9F651E2CCB2A0040F730 /* MAInfowindowView.swift in Sources */,
				D98F9F631E2CC0E40040F730 /* POIAnnotation.swift in Sources */,
			);
			runOnlyForDeploymentPostprocessing = 0;
		};
		D9F65BC01E2DF3DF002BBD5C /* Sources */ = {
			isa = PBXSourcesBuildPhase;
			buildActionMask = 2147483647;
			files = (
				D9F65BD01E2DF8DE002BBD5C /* MAMapUITestHelper.m in Sources */,
				D9F65BC71E2DF3DF002BBD5C /* MultipleInfowindowsUITests.m in Sources */,
			);
			runOnlyForDeploymentPostprocessing = 0;
		};
/* End PBXSourcesBuildPhase section */

/* Begin PBXTargetDependency section */
		D9F65BCA1E2DF3DF002BBD5C /* PBXTargetDependency */ = {
			isa = PBXTargetDependency;
			target = 81054ECB1DDEA5D900DEF6BB /* MultipleInfowindows */;
			targetProxy = D9F65BC91E2DF3DF002BBD5C /* PBXContainerItemProxy */;
		};
/* End PBXTargetDependency section */

/* Begin PBXVariantGroup section */
		81054ED81DDEA5D900DEF6BB /* Main.storyboard */ = {
			isa = PBXVariantGroup;
			children = (
				81054ED91DDEA5D900DEF6BB /* Base */,
			);
			name = Main.storyboard;
			sourceTree = "<group>";
		};
		81054EDD1DDEA5D900DEF6BB /* LaunchScreen.storyboard */ = {
			isa = PBXVariantGroup;
			children = (
				81054EDE1DDEA5D900DEF6BB /* Base */,
			);
			name = LaunchScreen.storyboard;
			sourceTree = "<group>";
		};
		D98F9F551E2CB8610040F730 /* Main.storyboard */ = {
			isa = PBXVariantGroup;
			children = (
				D98F9F561E2CB8610040F730 /* Base */,
			);
			name = Main.storyboard;
			sourceTree = "<group>";
		};
		D98F9F5A1E2CB8610040F730 /* LaunchScreen.storyboard */ = {
			isa = PBXVariantGroup;
			children = (
				D98F9F5B1E2CB8610040F730 /* Base */,
			);
			name = LaunchScreen.storyboard;
			sourceTree = "<group>";
		};
/* End PBXVariantGroup section */

/* Begin XCBuildConfiguration section */
		81054EE11DDEA5D900DEF6BB /* Debug */ = {
			isa = XCBuildConfiguration;
			buildSettings = {
				ALWAYS_SEARCH_USER_PATHS = NO;
				CLANG_ANALYZER_NONNULL = YES;
				CLANG_CXX_LANGUAGE_STANDARD = "gnu++0x";
				CLANG_CXX_LIBRARY = "libc++";
				CLANG_ENABLE_MODULES = YES;
				CLANG_ENABLE_OBJC_ARC = YES;
				CLANG_WARN_BOOL_CONVERSION = YES;
				CLANG_WARN_CONSTANT_CONVERSION = YES;
				CLANG_WARN_DIRECT_OBJC_ISA_USAGE = YES_ERROR;
				CLANG_WARN_DOCUMENTATION_COMMENTS = YES;
				CLANG_WARN_EMPTY_BODY = YES;
				CLANG_WARN_ENUM_CONVERSION = YES;
				CLANG_WARN_INFINITE_RECURSION = YES;
				CLANG_WARN_INT_CONVERSION = YES;
				CLANG_WARN_OBJC_ROOT_CLASS = YES_ERROR;
				CLANG_WARN_SUSPICIOUS_MOVES = YES;
				CLANG_WARN_UNREACHABLE_CODE = YES;
				CLANG_WARN__DUPLICATE_METHOD_MATCH = YES;
				"CODE_SIGN_IDENTITY[sdk=iphoneos*]" = "iPhone Developer";
				COPY_PHASE_STRIP = NO;
				DEBUG_INFORMATION_FORMAT = dwarf;
				ENABLE_STRICT_OBJC_MSGSEND = YES;
				ENABLE_TESTABILITY = YES;
				GCC_C_LANGUAGE_STANDARD = gnu99;
				GCC_DYNAMIC_NO_PIC = NO;
				GCC_NO_COMMON_BLOCKS = YES;
				GCC_OPTIMIZATION_LEVEL = 0;
				GCC_PREPROCESSOR_DEFINITIONS = (
					"DEBUG=1",
					"$(inherited)",
				);
				GCC_WARN_64_TO_32_BIT_CONVERSION = YES;
				GCC_WARN_ABOUT_RETURN_TYPE = YES_ERROR;
				GCC_WARN_UNDECLARED_SELECTOR = YES;
				GCC_WARN_UNINITIALIZED_AUTOS = YES_AGGRESSIVE;
				GCC_WARN_UNUSED_FUNCTION = YES;
				GCC_WARN_UNUSED_VARIABLE = YES;
				IPHONEOS_DEPLOYMENT_TARGET = 10.1;
				MTL_ENABLE_DEBUG_INFO = YES;
				ONLY_ACTIVE_ARCH = YES;
				SDKROOT = iphoneos;
			};
			name = Debug;
		};
		81054EE21DDEA5D900DEF6BB /* Release */ = {
			isa = XCBuildConfiguration;
			buildSettings = {
				ALWAYS_SEARCH_USER_PATHS = NO;
				CLANG_ANALYZER_NONNULL = YES;
				CLANG_CXX_LANGUAGE_STANDARD = "gnu++0x";
				CLANG_CXX_LIBRARY = "libc++";
				CLANG_ENABLE_MODULES = YES;
				CLANG_ENABLE_OBJC_ARC = YES;
				CLANG_WARN_BOOL_CONVERSION = YES;
				CLANG_WARN_CONSTANT_CONVERSION = YES;
				CLANG_WARN_DIRECT_OBJC_ISA_USAGE = YES_ERROR;
				CLANG_WARN_DOCUMENTATION_COMMENTS = YES;
				CLANG_WARN_EMPTY_BODY = YES;
				CLANG_WARN_ENUM_CONVERSION = YES;
				CLANG_WARN_INFINITE_RECURSION = YES;
				CLANG_WARN_INT_CONVERSION = YES;
				CLANG_WARN_OBJC_ROOT_CLASS = YES_ERROR;
				CLANG_WARN_SUSPICIOUS_MOVES = YES;
				CLANG_WARN_UNREACHABLE_CODE = YES;
				CLANG_WARN__DUPLICATE_METHOD_MATCH = YES;
				"CODE_SIGN_IDENTITY[sdk=iphoneos*]" = "iPhone Developer";
				COPY_PHASE_STRIP = NO;
				DEBUG_INFORMATION_FORMAT = "dwarf-with-dsym";
				ENABLE_NS_ASSERTIONS = NO;
				ENABLE_STRICT_OBJC_MSGSEND = YES;
				GCC_C_LANGUAGE_STANDARD = gnu99;
				GCC_NO_COMMON_BLOCKS = YES;
				GCC_WARN_64_TO_32_BIT_CONVERSION = YES;
				GCC_WARN_ABOUT_RETURN_TYPE = YES_ERROR;
				GCC_WARN_UNDECLARED_SELECTOR = YES;
				GCC_WARN_UNINITIALIZED_AUTOS = YES_AGGRESSIVE;
				GCC_WARN_UNUSED_FUNCTION = YES;
				GCC_WARN_UNUSED_VARIABLE = YES;
				IPHONEOS_DEPLOYMENT_TARGET = 10.1;
				MTL_ENABLE_DEBUG_INFO = NO;
				SDKROOT = iphoneos;
				VALIDATE_PRODUCT = YES;
			};
			name = Release;
		};
		81054EE41DDEA5D900DEF6BB /* Debug */ = {
			isa = XCBuildConfiguration;
			baseConfigurationReference = 21E8172B8BC6AD242E2143D2 /* Pods-MultipleInfowindows.debug.xcconfig */;
			buildSettings = {
				ASSETCATALOG_COMPILER_APPICON_NAME = AppIcon;
				DEVELOPMENT_TEAM = YMJ372W38W;
				INFOPLIST_FILE = MultipleInfowindows/Info.plist;
				IPHONEOS_DEPLOYMENT_TARGET = 8.0;
				LD_RUNPATH_SEARCH_PATHS = "$(inherited) @executable_path/Frameworks";
				PRODUCT_BUNDLE_IDENTIFIER = com.autonavi.MultipleInfowindows;
				PRODUCT_NAME = "$(TARGET_NAME)";
				PROVISIONING_PROFILE = "d723e77c-6c92-4e6a-98d7-8717d0b88b87";
				PROVISIONING_PROFILE_SPECIFIER = openPlatform_development;
			};
			name = Debug;
		};
		81054EE51DDEA5D900DEF6BB /* Release */ = {
			isa = XCBuildConfiguration;
			baseConfigurationReference = 63FCE21E474824177FE9563A /* Pods-MultipleInfowindows.release.xcconfig */;
			buildSettings = {
				ASSETCATALOG_COMPILER_APPICON_NAME = AppIcon;
				"CODE_SIGN_IDENTITY[sdk=iphoneos*]" = "iPhone Distribution";
				DEVELOPMENT_TEAM = YMJ372W38W;
				INFOPLIST_FILE = MultipleInfowindows/Info.plist;
				IPHONEOS_DEPLOYMENT_TARGET = 8.0;
				LD_RUNPATH_SEARCH_PATHS = "$(inherited) @executable_path/Frameworks";
				PRODUCT_BUNDLE_IDENTIFIER = com.autonavi.MultipleInfowindows;
				PRODUCT_NAME = "$(TARGET_NAME)";
				PROVISIONING_PROFILE = "a892512d-fe94-4702-b716-0b66880b936d";
				PROVISIONING_PROFILE_SPECIFIER = openPlatformInhouse;
			};
			name = Release;
		};
		D98F9F5E1E2CB8610040F730 /* Debug */ = {
			isa = XCBuildConfiguration;
			baseConfigurationReference = E96E8B37192942A89F11DEEA /* Pods-MultipleInfowindows-Swift.debug.xcconfig */;
			buildSettings = {
				ASSETCATALOG_COMPILER_APPICON_NAME = AppIcon;
				CLANG_WARN_SUSPICIOUS_MOVE = YES;
				DEVELOPMENT_TEAM = YMJ372W38W;
				INFOPLIST_FILE = "MultipleInfowindows-Swift/Info.plist";
				IPHONEOS_DEPLOYMENT_TARGET = 8.0;
				LD_RUNPATH_SEARCH_PATHS = "$(inherited) @executable_path/Frameworks";
				PRODUCT_BUNDLE_IDENTIFIER = com.autonavi.MultipleInfowindows;
				PRODUCT_NAME = "$(TARGET_NAME)";
				PROVISIONING_PROFILE = "8014ae4e-33b6-4937-87e3-3725a2aad4f7";
				PROVISIONING_PROFILE_SPECIFIER = openPlatform_development;
				SWIFT_ACTIVE_COMPILATION_CONDITIONS = DEBUG;
				SWIFT_OBJC_BRIDGING_HEADER = "./MultipleInfowindows-Swift/Swift-Bridging-Header.h";
				SWIFT_OPTIMIZATION_LEVEL = "-Onone";
				SWIFT_VERSION = 3.0;
			};
			name = Debug;
		};
		D98F9F5F1E2CB8610040F730 /* Release */ = {
			isa = XCBuildConfiguration;
			baseConfigurationReference = 96F88246E0E044BFB2F77399 /* Pods-MultipleInfowindows-Swift.release.xcconfig */;
			buildSettings = {
				ASSETCATALOG_COMPILER_APPICON_NAME = AppIcon;
				CLANG_WARN_SUSPICIOUS_MOVE = YES;
				"CODE_SIGN_IDENTITY[sdk=iphoneos*]" = "iPhone Distribution";
				DEVELOPMENT_TEAM = YMJ372W38W;
				INFOPLIST_FILE = "MultipleInfowindows-Swift/Info.plist";
				IPHONEOS_DEPLOYMENT_TARGET = 8.0;
				LD_RUNPATH_SEARCH_PATHS = "$(inherited) @executable_path/Frameworks";
				PRODUCT_BUNDLE_IDENTIFIER = com.autonavi.MultipleInfowindows;
				PRODUCT_NAME = "$(TARGET_NAME)";
				PROVISIONING_PROFILE = "a892512d-fe94-4702-b716-0b66880b936d";
				PROVISIONING_PROFILE_SPECIFIER = openPlatformInhouse;
				SWIFT_OBJC_BRIDGING_HEADER = "./MultipleInfowindows-Swift/Swift-Bridging-Header.h";
				SWIFT_OPTIMIZATION_LEVEL = "-Owholemodule";
				SWIFT_VERSION = 3.0;
			};
			name = Release;
		};
		D9F65BCB1E2DF3DF002BBD5C /* Debug */ = {
			isa = XCBuildConfiguration;
			buildSettings = {
				CLANG_WARN_SUSPICIOUS_MOVE = YES;
				DEVELOPMENT_TEAM = YMJ372W38W;
				INFOPLIST_FILE = MultipleInfowindowsUITests/Info.plist;
				IPHONEOS_DEPLOYMENT_TARGET = 10.2;
				LD_RUNPATH_SEARCH_PATHS = "$(inherited) @executable_path/Frameworks @loader_path/Frameworks";
				PRODUCT_BUNDLE_IDENTIFIER = com.autonavi.MultipleInfowindowsUITests;
				PRODUCT_NAME = "$(TARGET_NAME)";
				PROVISIONING_PROFILE = "8014ae4e-33b6-4937-87e3-3725a2aad4f7";
				PROVISIONING_PROFILE_SPECIFIER = openPlatform_development;
				TEST_TARGET_NAME = MultipleInfowindows;
			};
			name = Debug;
		};
		D9F65BCC1E2DF3DF002BBD5C /* Release */ = {
			isa = XCBuildConfiguration;
			buildSettings = {
				CLANG_WARN_SUSPICIOUS_MOVE = YES;
				"CODE_SIGN_IDENTITY[sdk=iphoneos*]" = "iPhone Developer";
				DEVELOPMENT_TEAM = YMJ372W38W;
				INFOPLIST_FILE = MultipleInfowindowsUITests/Info.plist;
				IPHONEOS_DEPLOYMENT_TARGET = 10.2;
				LD_RUNPATH_SEARCH_PATHS = "$(inherited) @executable_path/Frameworks @loader_path/Frameworks";
				PRODUCT_BUNDLE_IDENTIFIER = com.autonavi.MultipleInfowindowsUITests;
				PRODUCT_NAME = "$(TARGET_NAME)";
				PROVISIONING_PROFILE = "8014ae4e-33b6-4937-87e3-3725a2aad4f7";
				PROVISIONING_PROFILE_SPECIFIER = openPlatform_development;
				TEST_TARGET_NAME = MultipleInfowindows;
			};
			name = Release;
		};
/* End XCBuildConfiguration section */

/* Begin XCConfigurationList section */
		81054EC71DDEA5D900DEF6BB /* Build configuration list for PBXProject "MultipleInfowindows" */ = {
			isa = XCConfigurationList;
			buildConfigurations = (
				81054EE11DDEA5D900DEF6BB /* Debug */,
				81054EE21DDEA5D900DEF6BB /* Release */,
			);
			defaultConfigurationIsVisible = 0;
			defaultConfigurationName = Release;
		};
		81054EE31DDEA5D900DEF6BB /* Build configuration list for PBXNativeTarget "MultipleInfowindows" */ = {
			isa = XCConfigurationList;
			buildConfigurations = (
				81054EE41DDEA5D900DEF6BB /* Debug */,
				81054EE51DDEA5D900DEF6BB /* Release */,
			);
			defaultConfigurationIsVisible = 0;
			defaultConfigurationName = Release;
		};
		D98F9F601E2CB8610040F730 /* Build configuration list for PBXNativeTarget "MultipleInfowindows-Swift" */ = {
			isa = XCConfigurationList;
			buildConfigurations = (
				D98F9F5E1E2CB8610040F730 /* Debug */,
				D98F9F5F1E2CB8610040F730 /* Release */,
			);
			defaultConfigurationIsVisible = 0;
			defaultConfigurationName = Release;
		};
		D9F65BCD1E2DF3DF002BBD5C /* Build configuration list for PBXNativeTarget "MultipleInfowindowsUITests" */ = {
			isa = XCConfigurationList;
			buildConfigurations = (
				D9F65BCB1E2DF3DF002BBD5C /* Debug */,
				D9F65BCC1E2DF3DF002BBD5C /* Release */,
			);
			defaultConfigurationIsVisible = 0;
		};
/* End XCConfigurationList section */
	};
	rootObject = 81054EC41DDEA5D900DEF6BB /* Project object */;
}
